// !$*UTF8*$!
{
	archiveVersion = 1;
	classes = {
	};
	objectVersion = 46;
	objects = {

/* Begin PBXBuildFile section */
		186588EB79340D827F626400 /* Pods_ios_course.framework in Frameworks */ = {isa = PBXBuildFile; fileRef = 6C3A47A8F5F5D527ACE1332D /* Pods_ios_course.framework */; };
		9746D8AA1F3F4A97004C82A7 /* LecturesViewController.swift in Sources */ = {isa = PBXBuildFile; fileRef = 9746D8A91F3F4A97004C82A7 /* LecturesViewController.swift */; };
		9746D8AC1F3F4B8C004C82A7 /* HomeworksViewController.swift in Sources */ = {isa = PBXBuildFile; fileRef = 9746D8AB1F3F4B8C004C82A7 /* HomeworksViewController.swift */; };
		9746D8AE1F3F4BDA004C82A7 /* LessonsViewController.swift in Sources */ = {isa = PBXBuildFile; fileRef = 9746D8AD1F3F4BDA004C82A7 /* LessonsViewController.swift */; };
		97875E6E1F3F051C0009EF6C /* AppDelegate.swift in Sources */ = {isa = PBXBuildFile; fileRef = 97875E6D1F3F051C0009EF6C /* AppDelegate.swift */; };
		97875E701F3F051C0009EF6C /* AddSupplementViewController.swift in Sources */ = {isa = PBXBuildFile; fileRef = 97875E6F1F3F051C0009EF6C /* AddSupplementViewController.swift */; };
		97875E731F3F051C0009EF6C /* Main.storyboard in Resources */ = {isa = PBXBuildFile; fileRef = 97875E711F3F051C0009EF6C /* Main.storyboard */; };
		97875E751F3F051C0009EF6C /* Assets.xcassets in Resources */ = {isa = PBXBuildFile; fileRef = 97875E741F3F051C0009EF6C /* Assets.xcassets */; };
		97875E781F3F051C0009EF6C /* LaunchScreen.storyboard in Resources */ = {isa = PBXBuildFile; fileRef = 97875E761F3F051C0009EF6C /* LaunchScreen.storyboard */; };
		97875E801F3F25D30009EF6C /* Model.swift in Sources */ = {isa = PBXBuildFile; fileRef = 97875E7F1F3F25D30009EF6C /* Model.swift */; };
		97875E821F3F2C1D0009EF6C /* SupplementsTableViewController.swift in Sources */ = {isa = PBXBuildFile; fileRef = 97875E811F3F2C1D0009EF6C /* SupplementsTableViewController.swift */; };
		97875E841F3F40150009EF6C /* SupplementTableViewCell.swift in Sources */ = {isa = PBXBuildFile; fileRef = 97875E831F3F40150009EF6C /* SupplementTableViewCell.swift */; };
		97875E861F3F41750009EF6C /* SupplementInfoViewController.swift in Sources */ = {isa = PBXBuildFile; fileRef = 97875E851F3F41750009EF6C /* SupplementInfoViewController.swift */; };
/* End PBXBuildFile section */

/* Begin PBXFileReference section */
		6C3A47A8F5F5D527ACE1332D /* Pods_ios_course.framework */ = {isa = PBXFileReference; explicitFileType = wrapper.framework; includeInIndex = 0; path = Pods_ios_course.framework; sourceTree = BUILT_PRODUCTS_DIR; };
		9746D8A91F3F4A97004C82A7 /* LecturesViewController.swift */ = {isa = PBXFileReference; fileEncoding = 4; lastKnownFileType = sourcecode.swift; path = LecturesViewController.swift; sourceTree = "<group>"; };
		9746D8AB1F3F4B8C004C82A7 /* HomeworksViewController.swift */ = {isa = PBXFileReference; fileEncoding = 4; lastKnownFileType = sourcecode.swift; path = HomeworksViewController.swift; sourceTree = "<group>"; };
		9746D8AD1F3F4BDA004C82A7 /* LessonsViewController.swift */ = {isa = PBXFileReference; fileEncoding = 4; lastKnownFileType = sourcecode.swift; path = LessonsViewController.swift; sourceTree = "<group>"; };
		97875E6A1F3F051C0009EF6C /* ios_course.app */ = {isa = PBXFileReference; explicitFileType = wrapper.application; includeInIndex = 0; path = ios_course.app; sourceTree = BUILT_PRODUCTS_DIR; };
		97875E6D1F3F051C0009EF6C /* AppDelegate.swift */ = {isa = PBXFileReference; lastKnownFileType = sourcecode.swift; path = AppDelegate.swift; sourceTree = "<group>"; };
		97875E6F1F3F051C0009EF6C /* AddSupplementViewController.swift */ = {isa = PBXFileReference; lastKnownFileType = sourcecode.swift; path = AddSupplementViewController.swift; sourceTree = "<group>"; };
		97875E721F3F051C0009EF6C /* Base */ = {isa = PBXFileReference; lastKnownFileType = file.storyboard; name = Base; path = Base.lproj/Main.storyboard; sourceTree = "<group>"; };
		97875E741F3F051C0009EF6C /* Assets.xcassets */ = {isa = PBXFileReference; lastKnownFileType = folder.assetcatalog; path = Assets.xcassets; sourceTree = "<group>"; };
		97875E771F3F051C0009EF6C /* Base */ = {isa = PBXFileReference; lastKnownFileType = file.storyboard; name = Base; path = Base.lproj/LaunchScreen.storyboard; sourceTree = "<group>"; };
		97875E791F3F051C0009EF6C /* Info.plist */ = {isa = PBXFileReference; lastKnownFileType = text.plist.xml; path = Info.plist; sourceTree = "<group>"; };
		97875E7F1F3F25D30009EF6C /* Model.swift */ = {isa = PBXFileReference; fileEncoding = 4; lastKnownFileType = sourcecode.swift; path = Model.swift; sourceTree = "<group>"; };
		97875E811F3F2C1D0009EF6C /* SupplementsTableViewController.swift */ = {isa = PBXFileReference; fileEncoding = 4; lastKnownFileType = sourcecode.swift; path = SupplementsTableViewController.swift; sourceTree = "<group>"; };
		97875E831F3F40150009EF6C /* SupplementTableViewCell.swift */ = {isa = PBXFileReference; fileEncoding = 4; lastKnownFileType = sourcecode.swift; path = SupplementTableViewCell.swift; sourceTree = "<group>"; };
		97875E851F3F41750009EF6C /* SupplementInfoViewController.swift */ = {isa = PBXFileReference; fileEncoding = 4; lastKnownFileType = sourcecode.swift; path = SupplementInfoViewController.swift; sourceTree = "<group>"; };
		DCD7ACD41BBDAAE92BBF1CA9 /* Pods-ios_course.release.xcconfig */ = {isa = PBXFileReference; includeInIndex = 1; lastKnownFileType = text.xcconfig; name = "Pods-ios_course.release.xcconfig"; path = "Pods/Target Support Files/Pods-ios_course/Pods-ios_course.release.xcconfig"; sourceTree = "<group>"; };
		F162D55EB32F9332DFB9D970 /* Pods-ios_course.debug.xcconfig */ = {isa = PBXFileReference; includeInIndex = 1; lastKnownFileType = text.xcconfig; name = "Pods-ios_course.debug.xcconfig"; path = "Pods/Target Support Files/Pods-ios_course/Pods-ios_course.debug.xcconfig"; sourceTree = "<group>"; };
/* End PBXFileReference section */

/* Begin PBXFrameworksBuildPhase section */
		97875E671F3F051C0009EF6C /* Frameworks */ = {
			isa = PBXFrameworksBuildPhase;
			buildActionMask = 2147483647;
			files = (
				186588EB79340D827F626400 /* Pods_ios_course.framework in Frameworks */,
			);
			runOnlyForDeploymentPostprocessing = 0;
		};
/* End PBXFrameworksBuildPhase section */

/* Begin PBXGroup section */
		1E9D358F72704E59BB72A3ED /* Pods */ = {
			isa = PBXGroup;
			children = (
				F162D55EB32F9332DFB9D970 /* Pods-ios_course.debug.xcconfig */,
				DCD7ACD41BBDAAE92BBF1CA9 /* Pods-ios_course.release.xcconfig */,
			);
			name = Pods;
			sourceTree = "<group>";
		};
		23888077C140798B4D20179A /* Frameworks */ = {
			isa = PBXGroup;
			children = (
				6C3A47A8F5F5D527ACE1332D /* Pods_ios_course.framework */,
			);
			name = Frameworks;
			sourceTree = "<group>";
		};
		9746D8A71F3F4A5F004C82A7 /* Supplements */ = {
			isa = PBXGroup;
			children = (
				97875E6F1F3F051C0009EF6C /* AddSupplementViewController.swift */,
				97875E851F3F41750009EF6C /* SupplementInfoViewController.swift */,
				97875E831F3F40150009EF6C /* SupplementTableViewCell.swift */,
				97875E811F3F2C1D0009EF6C /* SupplementsTableViewController.swift */,
			);
			name = Supplements;
			sourceTree = "<group>";
		};
		9746D8A81F3F4A7B004C82A7 /* Additionals */ = {
			isa = PBXGroup;
			children = (
				97875E741F3F051C0009EF6C /* Assets.xcassets */,
				97875E6D1F3F051C0009EF6C /* AppDelegate.swift */,
				97875E761F3F051C0009EF6C /* LaunchScreen.storyboard */,
				97875E791F3F051C0009EF6C /* Info.plist */,
			);
			name = Additionals;
			sourceTree = "<group>";
		};
		9746D8AF1F3F4BFE004C82A7 /* Lessons */ = {
			isa = PBXGroup;
			children = (
				9746D8AD1F3F4BDA004C82A7 /* LessonsViewController.swift */,
			);
			name = Lessons;
			sourceTree = "<group>";
		};
		9746D8B01F3F4C05004C82A7 /* Homeworks */ = {
			isa = PBXGroup;
			children = (
				9746D8AB1F3F4B8C004C82A7 /* HomeworksViewController.swift */,
			);
			name = Homeworks;
			sourceTree = "<group>";
		};
		9746D8B11F3F4C0C004C82A7 /* Lectures */ = {
			isa = PBXGroup;
			children = (
				9746D8A91F3F4A97004C82A7 /* LecturesViewController.swift */,
			);
			name = Lectures;
			sourceTree = "<group>";
		};
		97875E611F3F051C0009EF6C = {
			isa = PBXGroup;
			children = (
				97875E6C1F3F051C0009EF6C /* ios_course */,
				97875E6B1F3F051C0009EF6C /* Products */,
				1E9D358F72704E59BB72A3ED /* Pods */,
				23888077C140798B4D20179A /* Frameworks */,
			);
			sourceTree = "<group>";
		};
		97875E6B1F3F051C0009EF6C /* Products */ = {
			isa = PBXGroup;
			children = (
				97875E6A1F3F051C0009EF6C /* ios_course.app */,
			);
			name = Products;
			sourceTree = "<group>";
		};
		97875E6C1F3F051C0009EF6C /* ios_course */ = {
			isa = PBXGroup;
			children = (
				97875E7F1F3F25D30009EF6C /* Model.swift */,
				97875E711F3F051C0009EF6C /* Main.storyboard */,
				9746D8AF1F3F4BFE004C82A7 /* Lessons */,
				9746D8B01F3F4C05004C82A7 /* Homeworks */,
				9746D8B11F3F4C0C004C82A7 /* Lectures */,
				9746D8A71F3F4A5F004C82A7 /* Supplements */,
				9746D8A81F3F4A7B004C82A7 /* Additionals */,
			);
			path = ios_course;
			sourceTree = "<group>";
		};
/* End PBXGroup section */

/* Begin PBXNativeTarget section */
		97875E691F3F051C0009EF6C /* ios_course */ = {
			isa = PBXNativeTarget;
			buildConfigurationList = 97875E7C1F3F051C0009EF6C /* Build configuration list for PBXNativeTarget "ios_course" */;
			buildPhases = (
				1A52136C8896AB6F3E02C9D0 /* [CP] Check Pods Manifest.lock */,
				97875E661F3F051C0009EF6C /* Sources */,
				97875E671F3F051C0009EF6C /* Frameworks */,
				97875E681F3F051C0009EF6C /* Resources */,
				BB33E266439C75C19F058F88 /* [CP] Embed Pods Frameworks */,
				4DB1BDF98D2DD9AB173706A2 /* [CP] Copy Pods Resources */,
			);
			buildRules = (
			);
			dependencies = (
			);
			name = ios_course;
			productName = ios_course;
			productReference = 97875E6A1F3F051C0009EF6C /* ios_course.app */;
			productType = "com.apple.product-type.application";
		};
/* End PBXNativeTarget section */

/* Begin PBXProject section */
		97875E621F3F051C0009EF6C /* Project object */ = {
			isa = PBXProject;
			attributes = {
				LastSwiftUpdateCheck = 0830;
				LastUpgradeCheck = 0830;
				ORGANIZATIONNAME = Sergey;
				TargetAttributes = {
					97875E691F3F051C0009EF6C = {
						CreatedOnToolsVersion = 8.3.3;
						DevelopmentTeam = L42U362EAE;
						ProvisioningStyle = Automatic;
					};
				};
			};
			buildConfigurationList = 97875E651F3F051C0009EF6C /* Build configuration list for PBXProject "ios_course" */;
			compatibilityVersion = "Xcode 3.2";
			developmentRegion = English;
			hasScannedForEncodings = 0;
			knownRegions = (
				en,
				Base,
			);
			mainGroup = 97875E611F3F051C0009EF6C;
			productRefGroup = 97875E6B1F3F051C0009EF6C /* Products */;
			projectDirPath = "";
			projectRoot = "";
			targets = (
				97875E691F3F051C0009EF6C /* ios_course */,
			);
		};
/* End PBXProject section */

/* Begin PBXResourcesBuildPhase section */
		97875E681F3F051C0009EF6C /* Resources */ = {
			isa = PBXResourcesBuildPhase;
			buildActionMask = 2147483647;
			files = (
				97875E781F3F051C0009EF6C /* LaunchScreen.storyboard in Resources */,
				97875E751F3F051C0009EF6C /* Assets.xcassets in Resources */,
				97875E731F3F051C0009EF6C /* Main.storyboard in Resources */,
			);
			runOnlyForDeploymentPostprocessing = 0;
		};
/* End PBXResourcesBuildPhase section */

/* Begin PBXShellScriptBuildPhase section */
		1A52136C8896AB6F3E02C9D0 /* [CP] Check Pods Manifest.lock */ = {
			isa = PBXShellScriptBuildPhase;
			buildActionMask = 2147483647;
			files = (
			);
			inputPaths = (
			);
			name = "[CP] Check Pods Manifest.lock";
			outputPaths = (
			);
			runOnlyForDeploymentPostprocessing = 0;
			shellPath = /bin/sh;
			shellScript = "diff \"${PODS_PODFILE_DIR_PATH}/Podfile.lock\" \"${PODS_ROOT}/Manifest.lock\" > /dev/null\nif [ $? != 0 ] ; then\n    # print error to STDERR\n    echo \"error: The sandbox is not in sync with the Podfile.lock. Run 'pod install' or update your CocoaPods installation.\" >&2\n    exit 1\nfi\n";
			showEnvVarsInLog = 0;
		};
		4DB1BDF98D2DD9AB173706A2 /* [CP] Copy Pods Resources */ = {
			isa = PBXShellScriptBuildPhase;
			buildActionMask = 2147483647;
			files = (
			);
			inputPaths = (
			);
			name = "[CP] Copy Pods Resources";
			outputPaths = (
			);
			runOnlyForDeploymentPostprocessing = 0;
			shellPath = /bin/sh;
			shellScript = "\"${SRCROOT}/Pods/Target Support Files/Pods-ios_course/Pods-ios_course-resources.sh\"\n";
			showEnvVarsInLog = 0;
		};
		BB33E266439C75C19F058F88 /* [CP] Embed Pods Frameworks */ = {
			isa = PBXShellScriptBuildPhase;
			buildActionMask = 2147483647;
			files = (
			);
			inputPaths = (
			);
			name = "[CP] Embed Pods Frameworks";
			outputPaths = (
			);
			runOnlyForDeploymentPostprocessing = 0;
			shellPath = /bin/sh;
			shellScript = "\"${SRCROOT}/Pods/Target Support Files/Pods-ios_course/Pods-ios_course-frameworks.sh\"\n";
			showEnvVarsInLog = 0;
		};
/* End PBXShellScriptBuildPhase section */

/* Begin PBXSourcesBuildPhase section */
		97875E661F3F051C0009EF6C /* Sources */ = {
			isa = PBXSourcesBuildPhase;
			buildActionMask = 2147483647;
			files = (
				9746D8AE1F3F4BDA004C82A7 /* LessonsViewController.swift in Sources */,
				97875E701F3F051C0009EF6C /* AddSupplementViewController.swift in Sources */,
				9746D8AA1F3F4A97004C82A7 /* LecturesViewController.swift in Sources */,
				97875E861F3F41750009EF6C /* SupplementInfoViewController.swift in Sources */,
				97875E841F3F40150009EF6C /* SupplementTableViewCell.swift in Sources */,
				97875E6E1F3F051C0009EF6C /* AppDelegate.swift in Sources */,
				97875E821F3F2C1D0009EF6C /* SupplementsTableViewController.swift in Sources */,
				9746D8AC1F3F4B8C004C82A7 /* HomeworksViewController.swift in Sources */,
				97875E801F3F25D30009EF6C /* Model.swift in Sources */,
			);
			runOnlyForDeploymentPostprocessing = 0;
		};
/* End PBXSourcesBuildPhase section */

/* Begin PBXVariantGroup section */
		97875E711F3F051C0009EF6C /* Main.storyboard */ = {
			isa = PBXVariantGroup;
			children = (
				97875E721F3F051C0009EF6C /* Base */,
			);
			name = Main.storyboard;
			sourceTree = "<group>";
		};
		97875E761F3F051C0009EF6C /* LaunchScreen.storyboard */ = {
			isa = PBXVariantGroup;
			children = (
				97875E771F3F051C0009EF6C /* Base */,
			);
			name = LaunchScreen.storyboard;
			sourceTree = "<group>";
		};
/* End PBXVariantGroup section */

/* Begin XCBuildConfiguration section */
		97875E7A1F3F051C0009EF6C /* Debug */ = {
			isa = XCBuildConfiguration;
			buildSettings = {
				ALWAYS_SEARCH_USER_PATHS = NO;
				CLANG_ANALYZER_NONNULL = YES;
				CLANG_ANALYZER_NUMBER_OBJECT_CONVERSION = YES_AGGRESSIVE;
				CLANG_CXX_LANGUAGE_STANDARD = "gnu++0x";
				CLANG_CXX_LIBRARY = "libc++";
				CLANG_ENABLE_MODULES = YES;
				CLANG_ENABLE_OBJC_ARC = YES;
				CLANG_WARN_BOOL_CONVERSION = YES;
				CLANG_WARN_CONSTANT_CONVERSION = YES;
				CLANG_WARN_DIRECT_OBJC_ISA_USAGE = YES_ERROR;
				CLANG_WARN_DOCUMENTATION_COMMENTS = YES;
				CLANG_WARN_EMPTY_BODY = YES;
				CLANG_WARN_ENUM_CONVERSION = YES;
				CLANG_WARN_INFINITE_RECURSION = YES;
				CLANG_WARN_INT_CONVERSION = YES;
				CLANG_WARN_OBJC_ROOT_CLASS = YES_ERROR;
				CLANG_WARN_SUSPICIOUS_MOVE = YES;
				CLANG_WARN_UNREACHABLE_CODE = YES;
				CLANG_WARN__DUPLICATE_METHOD_MATCH = YES;
				"CODE_SIGN_IDENTITY[sdk=iphoneos*]" = "iPhone Developer";
				COPY_PHASE_STRIP = NO;
				DEBUG_INFORMATION_FORMAT = dwarf;
				ENABLE_STRICT_OBJC_MSGSEND = YES;
				ENABLE_TESTABILITY = YES;
				GCC_C_LANGUAGE_STANDARD = gnu99;
				GCC_DYNAMIC_NO_PIC = NO;
				GCC_NO_COMMON_BLOCKS = YES;
				GCC_OPTIMIZATION_LEVEL = 0;
				GCC_PREPROCESSOR_DEFINITIONS = (
					"DEBUG=1",
					"$(inherited)",
				);
				GCC_WARN_64_TO_32_BIT_CONVERSION = YES;
				GCC_WARN_ABOUT_RETURN_TYPE = YES_ERROR;
				GCC_WARN_UNDECLARED_SELECTOR = YES;
				GCC_WARN_UNINITIALIZED_AUTOS = YES_AGGRESSIVE;
				GCC_WARN_UNUSED_FUNCTION = YES;
				GCC_WARN_UNUSED_VARIABLE = YES;
				IPHONEOS_DEPLOYMENT_TARGET = 10.3;
				MTL_ENABLE_DEBUG_INFO = YES;
				ONLY_ACTIVE_ARCH = YES;
				SDKROOT = iphoneos;
				SWIFT_ACTIVE_COMPILATION_CONDITIONS = DEBUG;
				SWIFT_OPTIMIZATION_LEVEL = "-Onone";
			};
			name = Debug;
		};
		97875E7B1F3F051C0009EF6C /* Release */ = {
			isa = XCBuildConfiguration;
			buildSettings = {
				ALWAYS_SEARCH_USER_PATHS = NO;
				CLANG_ANALYZER_NONNULL = YES;
				CLANG_ANALYZER_NUMBER_OBJECT_CONVERSION = YES_AGGRESSIVE;
				CLANG_CXX_LANGUAGE_STANDARD = "gnu++0x";
				CLANG_CXX_LIBRARY = "libc++";
				CLANG_ENABLE_MODULES = YES;
				CLANG_ENABLE_OBJC_ARC = YES;
				CLANG_WARN_BOOL_CONVERSION = YES;
				CLANG_WARN_CONSTANT_CONVERSION = YES;
				CLANG_WARN_DIRECT_OBJC_ISA_USAGE = YES_ERROR;
				CLANG_WARN_DOCUMENTATION_COMMENTS = YES;
				CLANG_WARN_EMPTY_BODY = YES;
				CLANG_WARN_ENUM_CONVERSION = YES;
				CLANG_WARN_INFINITE_RECURSION = YES;
				CLANG_WARN_INT_CONVERSION = YES;
				CLANG_WARN_OBJC_ROOT_CLASS = YES_ERROR;
				CLANG_WARN_SUSPICIOUS_MOVE = YES;
				CLANG_WARN_UNREACHABLE_CODE = YES;
				CLANG_WARN__DUPLICATE_METHOD_MATCH = YES;
				"CODE_SIGN_IDENTITY[sdk=iphoneos*]" = "iPhone Developer";
				COPY_PHASE_STRIP = NO;
				DEBUG_INFORMATION_FORMAT = "dwarf-with-dsym";
				ENABLE_NS_ASSERTIONS = NO;
				ENABLE_STRICT_OBJC_MSGSEND = YES;
				GCC_C_LANGUAGE_STANDARD = gnu99;
				GCC_NO_COMMON_BLOCKS = YES;
				GCC_WARN_64_TO_32_BIT_CONVERSION = YES;
				GCC_WARN_ABOUT_RETURN_TYPE = YES_ERROR;
				GCC_WARN_UNDECLARED_SELECTOR = YES;
				GCC_WARN_UNINITIALIZED_AUTOS = YES_AGGRESSIVE;
				GCC_WARN_UNUSED_FUNCTION = YES;
				GCC_WARN_UNUSED_VARIABLE = YES;
				IPHONEOS_DEPLOYMENT_TARGET = 10.3;
				MTL_ENABLE_DEBUG_INFO = NO;
				SDKROOT = iphoneos;
				SWIFT_OPTIMIZATION_LEVEL = "-Owholemodule";
				VALIDATE_PRODUCT = YES;
			};
			name = Release;
		};
		97875E7D1F3F051C0009EF6C /* Debug */ = {
			isa = XCBuildConfiguration;
			baseConfigurationReference = F162D55EB32F9332DFB9D970 /* Pods-ios_course.debug.xcconfig */;
			buildSettings = {
				ASSETCATALOG_COMPILER_APPICON_NAME = AppIcon;
				DEVELOPMENT_TEAM = L42U362EAE;
				INFOPLIST_FILE = ios_course/Info.plist;
				LD_RUNPATH_SEARCH_PATHS = "$(inherited) @executable_path/Frameworks";
				PRODUCT_BUNDLE_IDENTIFIER = "-00wd--wd.ios-course";
				PRODUCT_NAME = "$(TARGET_NAME)";
				SWIFT_VERSION = 3.0;
			};
			name = Debug;
		};
		97875E7E1F3F051C0009EF6C /* Release */ = {
			isa = XCBuildConfiguration;
			baseConfigurationReference = DCD7ACD41BBDAAE92BBF1CA9 /* Pods-ios_course.release.xcconfig */;
			buildSettings = {
				ASSETCATALOG_COMPILER_APPICON_NAME = AppIcon;
				DEVELOPMENT_TEAM = L42U362EAE;
				INFOPLIST_FILE = ios_course/Info.plist;
				LD_RUNPATH_SEARCH_PATHS = "$(inherited) @executable_path/Frameworks";
				PRODUCT_BUNDLE_IDENTIFIER = "-00wd--wd.ios-course";
				PRODUCT_NAME = "$(TARGET_NAME)";
				SWIFT_VERSION = 3.0;
			};
			name = Release;
		};
/* End XCBuildConfiguration section */

/* Begin XCConfigurationList section */
		97875E651F3F051C0009EF6C /* Build configuration list for PBXProject "ios_course" */ = {
			isa = XCConfigurationList;
			buildConfigurations = (
				97875E7A1F3F051C0009EF6C /* Debug */,
				97875E7B1F3F051C0009EF6C /* Release */,
			);
			defaultConfigurationIsVisible = 0;
			defaultConfigurationName = Release;
		};
		97875E7C1F3F051C0009EF6C /* Build configuration list for PBXNativeTarget "ios_course" */ = {
			isa = XCConfigurationList;
			buildConfigurations = (
				97875E7D1F3F051C0009EF6C /* Debug */,
				97875E7E1F3F051C0009EF6C /* Release */,
			);
			defaultConfigurationIsVisible = 0;
			defaultConfigurationName = Release;
		};
/* End XCConfigurationList section */
	};
	rootObject = 97875E621F3F051C0009EF6C /* Project object */;
}
